
Microsoft Visual Studio Solution File, Format Version 12.00
# Visual Studio Version 17
VisualStudioVersion = 17.8.34309.116
MinimumVisualStudioVersion = 10.0.40219.1
Project("{9A19103F-16F7-4668-BE54-9A1E7A4F7556}") = "FirstConsoleApp", "FirstConsoleApp\FirstConsoleApp.csproj", "{1DE9D1B9-70EE-40A1-B4AB-B421A36F1563}"
EndProject
Project("{9A19103F-16F7-4668-BE54-9A1E7A4F7556}") = "Homeworks", "HomeworksIncludeFunctions\Homeworks.csproj", "{042E6936-AF54-4354-A792-4F2036EBA2E6}"
EndProject
Project("{9A19103F-16F7-4668-BE54-9A1E7A4F7556}") = "SecondConsoleApp", "SecondConsoleApp\SecondConsoleApp.csproj", "{866786E0-4EC3-4269-9199-CC5235E45C22}"
EndProject
Project("{9A19103F-16F7-4668-BE54-9A1E7A4F7556}") = "CustomAlgorithm.Tests", "CustomAlgorithm.Tests\CustomAlgorithm.Tests.csproj", "{3D60E1C0-D626-4BF2-8E59-4AA3F4C1758C}"
EndProject
Project("{9A19103F-16F7-4668-BE54-9A1E7A4F7556}") = "BankApp", "BankApp\BankApp.csproj", "{D17CA60F-D12B-4C6F-8FA7-0ACF18188F54}"
EndProject
Project("{2150E333-8FDC-42A3-9474-1A3956D46DE8}") = "HotelProject", "HotelProject", "{44E1AC3C-126A-4FB2-997A-5F653274C46F}"
EndProject
Project("{9A19103F-16F7-4668-BE54-9A1E7A4F7556}") = "HotelProject.Models", "HotelProject.Models\HotelProject.Models.csproj", "{4FB009AE-6FF5-4420-8254-4B0F86A59F30}"
EndProject
Project("{9A19103F-16F7-4668-BE54-9A1E7A4F7556}") = "HotelProject.Data", "HotelProject.Data\HotelProject.Data.csproj", "{3A516B5B-AB36-4780-9229-8AD9CB737E0A}"
EndProject
Project("{9A19103F-16F7-4668-BE54-9A1E7A4F7556}") = "HotelProject.Repository", "HotelProject.Repository\HotelProject.Repository.csproj", "{80248A81-FE9C-479B-8B32-033744996211}"
EndProject
Project("{9A19103F-16F7-4668-BE54-9A1E7A4F7556}") = "HotelProject.Web", "HotelProject.Web\HotelProject.Web.csproj", "{37E82CFD-79FF-4D33-A1E4-64538431782D}"
EndProject
Global
	GlobalSection(SolutionConfigurationPlatforms) = preSolution
		Debug|Any CPU = Debug|Any CPU
		Release|Any CPU = Release|Any CPU
	EndGlobalSection
	GlobalSection(ProjectConfigurationPlatforms) = postSolution
		{1DE9D1B9-70EE-40A1-B4AB-B421A36F1563}.Debug|Any CPU.ActiveCfg = Debug|Any CPU
		{1DE9D1B9-70EE-40A1-B4AB-B421A36F1563}.Debug|Any CPU.Build.0 = Debug|Any CPU
		{1DE9D1B9-70EE-40A1-B4AB-B421A36F1563}.Release|Any CPU.ActiveCfg = Release|Any CPU
		{1DE9D1B9-70EE-40A1-B4AB-B421A36F1563}.Release|Any CPU.Build.0 = Release|Any CPU
		{042E6936-AF54-4354-A792-4F2036EBA2E6}.Debug|Any CPU.ActiveCfg = Debug|Any CPU
		{042E6936-AF54-4354-A792-4F2036EBA2E6}.Debug|Any CPU.Build.0 = Debug|Any CPU
		{042E6936-AF54-4354-A792-4F2036EBA2E6}.Release|Any CPU.ActiveCfg = Release|Any CPU
		{042E6936-AF54-4354-A792-4F2036EBA2E6}.Release|Any CPU.Build.0 = Release|Any CPU
		{866786E0-4EC3-4269-9199-CC5235E45C22}.Debug|Any CPU.ActiveCfg = Debug|Any CPU
		{866786E0-4EC3-4269-9199-CC5235E45C22}.Debug|Any CPU.Build.0 = Debug|Any CPU
		{866786E0-4EC3-4269-9199-CC5235E45C22}.Release|Any CPU.ActiveCfg = Release|Any CPU
		{866786E0-4EC3-4269-9199-CC5235E45C22}.Release|Any CPU.Build.0 = Release|Any CPU
		{3D60E1C0-D626-4BF2-8E59-4AA3F4C1758C}.Debug|Any CPU.ActiveCfg = Debug|Any CPU
		{3D60E1C0-D626-4BF2-8E59-4AA3F4C1758C}.Debug|Any CPU.Build.0 = Debug|Any CPU
		{3D60E1C0-D626-4BF2-8E59-4AA3F4C1758C}.Release|Any CPU.ActiveCfg = Release|Any CPU
		{3D60E1C0-D626-4BF2-8E59-4AA3F4C1758C}.Release|Any CPU.Build.0 = Release|Any CPU
		{D17CA60F-D12B-4C6F-8FA7-0ACF18188F54}.Debug|Any CPU.ActiveCfg = Debug|Any CPU
		{D17CA60F-D12B-4C6F-8FA7-0ACF18188F54}.Debug|Any CPU.Build.0 = Debug|Any CPU
		{D17CA60F-D12B-4C6F-8FA7-0ACF18188F54}.Release|Any CPU.ActiveCfg = Release|Any CPU
		{D17CA60F-D12B-4C6F-8FA7-0ACF18188F54}.Release|Any CPU.Build.0 = Release|Any CPU
		{4FB009AE-6FF5-4420-8254-4B0F86A59F30}.Debug|Any CPU.ActiveCfg = Debug|Any CPU
		{4FB009AE-6FF5-4420-8254-4B0F86A59F30}.Debug|Any CPU.Build.0 = Debug|Any CPU
		{4FB009AE-6FF5-4420-8254-4B0F86A59F30}.Release|Any CPU.ActiveCfg = Release|Any CPU
		{4FB009AE-6FF5-4420-8254-4B0F86A59F30}.Release|Any CPU.Build.0 = Release|Any CPU
		{3A516B5B-AB36-4780-9229-8AD9CB737E0A}.Debug|Any CPU.ActiveCfg = Debug|Any CPU
		{3A516B5B-AB36-4780-9229-8AD9CB737E0A}.Debug|Any CPU.Build.0 = Debug|Any CPU
		{3A516B5B-AB36-4780-9229-8AD9CB737E0A}.Release|Any CPU.ActiveCfg = Release|Any CPU
		{3A516B5B-AB36-4780-9229-8AD9CB737E0A}.Release|Any CPU.Build.0 = Release|Any CPU
		{80248A81-FE9C-479B-8B32-033744996211}.Debug|Any CPU.ActiveCfg = Debug|Any CPU
		{80248A81-FE9C-479B-8B32-033744996211}.Debug|Any CPU.Build.0 = Debug|Any CPU
		{80248A81-FE9C-479B-8B32-033744996211}.Release|Any CPU.ActiveCfg = Release|Any CPU
		{80248A81-FE9C-479B-8B32-033744996211}.Release|Any CPU.Build.0 = Release|Any CPU
		{37E82CFD-79FF-4D33-A1E4-64538431782D}.Debug|Any CPU.ActiveCfg = Debug|Any CPU
		{37E82CFD-79FF-4D33-A1E4-64538431782D}.Debug|Any CPU.Build.0 = Debug|Any CPU
		{37E82CFD-79FF-4D33-A1E4-64538431782D}.Release|Any CPU.ActiveCfg = Release|Any CPU
		{37E82CFD-79FF-4D33-A1E4-64538431782D}.Release|Any CPU.Build.0 = Release|Any CPU
	EndGlobalSection
	GlobalSection(SolutionProperties) = preSolution
		HideSolutionNode = FALSE
	EndGlobalSection
	GlobalSection(NestedProjects) = preSolution
		{4FB009AE-6FF5-4420-8254-4B0F86A59F30} = {44E1AC3C-126A-4FB2-997A-5F653274C46F}
		{3A516B5B-AB36-4780-9229-8AD9CB737E0A} = {44E1AC3C-126A-4FB2-997A-5F653274C46F}
		{80248A81-FE9C-479B-8B32-033744996211} = {44E1AC3C-126A-4FB2-997A-5F653274C46F}
		{37E82CFD-79FF-4D33-A1E4-64538431782D} = {44E1AC3C-126A-4FB2-997A-5F653274C46F}
	EndGlobalSection
	GlobalSection(ExtensibilityGlobals) = postSolution
		SolutionGuid = {8379B2BF-610E-42E7-A398-C36FF0A5874E}
	EndGlobalSection
EndGlobal
