
Microsoft Visual Studio Solution File, Format Version 12.00
# Visual Studio Version 17
VisualStudioVersion = 17.8.34309.116
MinimumVisualStudioVersion = 10.0.40219.1
Project("{9A19103F-16F7-4668-BE54-9A1E7A4F7556}") = "FirstConsoleApp", "FirstConsoleApp\FirstConsoleApp.csproj", "{1DE9D1B9-70EE-40A1-B4AB-B421A36F1563}"
EndProject
Project("{9A19103F-16F7-4668-BE54-9A1E7A4F7556}") = "Homeworks", "HomeworksIncludeFunctions\Homeworks.csproj", "{042E6936-AF54-4354-A792-4F2036EBA2E6}"
EndProject
Project("{9A19103F-16F7-4668-BE54-9A1E7A4F7556}") = "SecondConsoleApp", "SecondConsoleApp\SecondConsoleApp.csproj", "{866786E0-4EC3-4269-9199-CC5235E45C22}"
EndProject
Project("{9A19103F-16F7-4668-BE54-9A1E7A4F7556}") = "CustomAlgorithm.Tests", "CustomAlgorithm.Tests\CustomAlgorithm.Tests.csproj", "{3D60E1C0-D626-4BF2-8E59-4AA3F4C1758C}"
EndProject
Project("{9A19103F-16F7-4668-BE54-9A1E7A4F7556}") = "BankApp", "BankApp\BankApp.csproj", "{D17CA60F-D12B-4C6F-8FA7-0ACF18188F54}"
EndProject
Project("{2150E333-8FDC-42A3-9474-1A3956D46DE8}") = "HotelProject", "HotelProject", "{44E1AC3C-126A-4FB2-997A-5F653274C46F}"
EndProject
Project("{9A19103F-16F7-4668-BE54-9A1E7A4F7556}") = "HotelProject.Models", "HotelProject.Models\HotelProject.Models.csproj", "{4FB009AE-6FF5-4420-8254-4B0F86A59F30}"
EndProject
Project("{9A19103F-16F7-4668-BE54-9A1E7A4F7556}") = "HotelProject.Data", "HotelProject.Data\HotelProject.Data.csproj", "{3A516B5B-AB36-4780-9229-8AD9CB737E0A}"
EndProject
Project("{9A19103F-16F7-4668-BE54-9A1E7A4F7556}") = "HotelProject.Repository", "HotelProject.Repository\HotelProject.Repository.csproj", "{80248A81-FE9C-479B-8B32-033744996211}"
EndProject
Project("{9A19103F-16F7-4668-BE54-9A1E7A4F7556}") = "HotelProject.Web", "HotelProject.Web\HotelProject.Web.csproj", "{37E82CFD-79FF-4D33-A1E4-64538431782D}"
EndProject
Project("{9A19103F-16F7-4668-BE54-9A1E7A4F7556}") = "HotelProject.API", "HotelProject.API\HotelProject.API.csproj", "{6794FF41-D92F-458D-9160-AC58528A7615}"
EndProject
Project("{2150E333-8FDC-42A3-9474-1A3956D46DE8}") = "TodoProject", "TodoProject", "{576EFE06-BB95-4B2C-BF7C-788B6B9ACFF7}"
EndProject
Project("{2150E333-8FDC-42A3-9474-1A3956D46DE8}") = "Domain", "Domain", "{4CD52895-D63D-49A4-A953-B82E4950918F}"
EndProject
Project("{2150E333-8FDC-42A3-9474-1A3956D46DE8}") = "Application", "Application", "{BCE4A1D7-E0D6-4537-8637-F29AC727FB6B}"
EndProject
Project("{2150E333-8FDC-42A3-9474-1A3956D46DE8}") = "Infrastructure", "Infrastructure", "{D152A4C7-FA20-4E39-B86A-7C2C5932A78E}"
EndProject
Project("{2150E333-8FDC-42A3-9474-1A3956D46DE8}") = "Presistence", "Presistence", "{541024FC-3916-4167-B05E-877B749C8B01}"
EndProject
Project("{2150E333-8FDC-42A3-9474-1A3956D46DE8}") = "Presentation", "Presentation", "{9ED81375-71CD-4275-903B-5A445F26FFEA}"
EndProject
Project("{FAE04EC0-301F-11D3-BF4B-00C04F79EFBC}") = "Todo.Entities", "Todo.Entities\Todo.Entities.csproj", "{19AF774B-56A4-4EA5-8EB4-41B3D3216BA6}"
EndProject
Project("{FAE04EC0-301F-11D3-BF4B-00C04F79EFBC}") = "Todo.Data", "Todo.Data\Todo.Data.csproj", "{A278D9E2-01E4-4FE7-8402-936BE2E27D25}"
EndProject
Project("{FAE04EC0-301F-11D3-BF4B-00C04F79EFBC}") = "Todo.Repositories", "Todo.Repositories\Todo.Repositories.csproj", "{C332CDAA-CC7C-4857-9686-F294DB66130D}"
EndProject
Project("{FAE04EC0-301F-11D3-BF4B-00C04F79EFBC}") = "Todo.Contracts", "Todo.Contracts\Todo.Contracts.csproj", "{EC03AD5B-E1F9-4EC0-A822-19DE9B53F7B0}"
EndProject
Project("{FAE04EC0-301F-11D3-BF4B-00C04F79EFBC}") = "Todo.Service", "Todo.Service\Todo.Service.csproj", "{C0E76FAA-50AD-407B-B1DB-3CB4E5BD14DF}"
EndProject
Project("{FAE04EC0-301F-11D3-BF4B-00C04F79EFBC}") = "Todo.Models", "Todo.Models\Todo.Models.csproj", "{0F465266-5D08-4B78-8112-34F6E8A1E459}"
EndProject
Project("{FAE04EC0-301F-11D3-BF4B-00C04F79EFBC}") = "Todo.API", "Todo.API\Todo.API.csproj", "{612E97A6-3F5F-4E8A-B7B4-BFC4834D98AD}"
EndProject
Global
	GlobalSection(SolutionConfigurationPlatforms) = preSolution
		Debug|Any CPU = Debug|Any CPU
		Release|Any CPU = Release|Any CPU
	EndGlobalSection
	GlobalSection(ProjectConfigurationPlatforms) = postSolution
		{1DE9D1B9-70EE-40A1-B4AB-B421A36F1563}.Debug|Any CPU.ActiveCfg = Debug|Any CPU
		{1DE9D1B9-70EE-40A1-B4AB-B421A36F1563}.Debug|Any CPU.Build.0 = Debug|Any CPU
		{1DE9D1B9-70EE-40A1-B4AB-B421A36F1563}.Release|Any CPU.ActiveCfg = Release|Any CPU
		{1DE9D1B9-70EE-40A1-B4AB-B421A36F1563}.Release|Any CPU.Build.0 = Release|Any CPU
		{042E6936-AF54-4354-A792-4F2036EBA2E6}.Debug|Any CPU.ActiveCfg = Debug|Any CPU
		{042E6936-AF54-4354-A792-4F2036EBA2E6}.Debug|Any CPU.Build.0 = Debug|Any CPU
		{042E6936-AF54-4354-A792-4F2036EBA2E6}.Release|Any CPU.ActiveCfg = Release|Any CPU
		{042E6936-AF54-4354-A792-4F2036EBA2E6}.Release|Any CPU.Build.0 = Release|Any CPU
		{866786E0-4EC3-4269-9199-CC5235E45C22}.Debug|Any CPU.ActiveCfg = Debug|Any CPU
		{866786E0-4EC3-4269-9199-CC5235E45C22}.Debug|Any CPU.Build.0 = Debug|Any CPU
		{866786E0-4EC3-4269-9199-CC5235E45C22}.Release|Any CPU.ActiveCfg = Release|Any CPU
		{866786E0-4EC3-4269-9199-CC5235E45C22}.Release|Any CPU.Build.0 = Release|Any CPU
		{3D60E1C0-D626-4BF2-8E59-4AA3F4C1758C}.Debug|Any CPU.ActiveCfg = Debug|Any CPU
		{3D60E1C0-D626-4BF2-8E59-4AA3F4C1758C}.Debug|Any CPU.Build.0 = Debug|Any CPU
		{3D60E1C0-D626-4BF2-8E59-4AA3F4C1758C}.Release|Any CPU.ActiveCfg = Release|Any CPU
		{3D60E1C0-D626-4BF2-8E59-4AA3F4C1758C}.Release|Any CPU.Build.0 = Release|Any CPU
		{D17CA60F-D12B-4C6F-8FA7-0ACF18188F54}.Debug|Any CPU.ActiveCfg = Debug|Any CPU
		{D17CA60F-D12B-4C6F-8FA7-0ACF18188F54}.Debug|Any CPU.Build.0 = Debug|Any CPU
		{D17CA60F-D12B-4C6F-8FA7-0ACF18188F54}.Release|Any CPU.ActiveCfg = Release|Any CPU
		{D17CA60F-D12B-4C6F-8FA7-0ACF18188F54}.Release|Any CPU.Build.0 = Release|Any CPU
		{4FB009AE-6FF5-4420-8254-4B0F86A59F30}.Debug|Any CPU.ActiveCfg = Debug|Any CPU
		{4FB009AE-6FF5-4420-8254-4B0F86A59F30}.Debug|Any CPU.Build.0 = Debug|Any CPU
		{4FB009AE-6FF5-4420-8254-4B0F86A59F30}.Release|Any CPU.ActiveCfg = Release|Any CPU
		{4FB009AE-6FF5-4420-8254-4B0F86A59F30}.Release|Any CPU.Build.0 = Release|Any CPU
		{3A516B5B-AB36-4780-9229-8AD9CB737E0A}.Debug|Any CPU.ActiveCfg = Debug|Any CPU
		{3A516B5B-AB36-4780-9229-8AD9CB737E0A}.Debug|Any CPU.Build.0 = Debug|Any CPU
		{3A516B5B-AB36-4780-9229-8AD9CB737E0A}.Release|Any CPU.ActiveCfg = Release|Any CPU
		{3A516B5B-AB36-4780-9229-8AD9CB737E0A}.Release|Any CPU.Build.0 = Release|Any CPU
		{80248A81-FE9C-479B-8B32-033744996211}.Debug|Any CPU.ActiveCfg = Debug|Any CPU
		{80248A81-FE9C-479B-8B32-033744996211}.Debug|Any CPU.Build.0 = Debug|Any CPU
		{80248A81-FE9C-479B-8B32-033744996211}.Release|Any CPU.ActiveCfg = Release|Any CPU
		{80248A81-FE9C-479B-8B32-033744996211}.Release|Any CPU.Build.0 = Release|Any CPU
		{37E82CFD-79FF-4D33-A1E4-64538431782D}.Debug|Any CPU.ActiveCfg = Debug|Any CPU
		{37E82CFD-79FF-4D33-A1E4-64538431782D}.Debug|Any CPU.Build.0 = Debug|Any CPU
		{37E82CFD-79FF-4D33-A1E4-64538431782D}.Release|Any CPU.ActiveCfg = Release|Any CPU
		{37E82CFD-79FF-4D33-A1E4-64538431782D}.Release|Any CPU.Build.0 = Release|Any CPU
		{6794FF41-D92F-458D-9160-AC58528A7615}.Debug|Any CPU.ActiveCfg = Debug|Any CPU
		{6794FF41-D92F-458D-9160-AC58528A7615}.Debug|Any CPU.Build.0 = Debug|Any CPU
		{6794FF41-D92F-458D-9160-AC58528A7615}.Release|Any CPU.ActiveCfg = Release|Any CPU
		{6794FF41-D92F-458D-9160-AC58528A7615}.Release|Any CPU.Build.0 = Release|Any CPU
		{19AF774B-56A4-4EA5-8EB4-41B3D3216BA6}.Debug|Any CPU.ActiveCfg = Debug|Any CPU
		{19AF774B-56A4-4EA5-8EB4-41B3D3216BA6}.Debug|Any CPU.Build.0 = Debug|Any CPU
		{19AF774B-56A4-4EA5-8EB4-41B3D3216BA6}.Release|Any CPU.ActiveCfg = Release|Any CPU
		{19AF774B-56A4-4EA5-8EB4-41B3D3216BA6}.Release|Any CPU.Build.0 = Release|Any CPU
		{A278D9E2-01E4-4FE7-8402-936BE2E27D25}.Debug|Any CPU.ActiveCfg = Debug|Any CPU
		{A278D9E2-01E4-4FE7-8402-936BE2E27D25}.Debug|Any CPU.Build.0 = Debug|Any CPU
		{A278D9E2-01E4-4FE7-8402-936BE2E27D25}.Release|Any CPU.ActiveCfg = Release|Any CPU
		{A278D9E2-01E4-4FE7-8402-936BE2E27D25}.Release|Any CPU.Build.0 = Release|Any CPU
		{C332CDAA-CC7C-4857-9686-F294DB66130D}.Debug|Any CPU.ActiveCfg = Debug|Any CPU
		{C332CDAA-CC7C-4857-9686-F294DB66130D}.Debug|Any CPU.Build.0 = Debug|Any CPU
		{C332CDAA-CC7C-4857-9686-F294DB66130D}.Release|Any CPU.ActiveCfg = Release|Any CPU
		{C332CDAA-CC7C-4857-9686-F294DB66130D}.Release|Any CPU.Build.0 = Release|Any CPU
		{EC03AD5B-E1F9-4EC0-A822-19DE9B53F7B0}.Debug|Any CPU.ActiveCfg = Debug|Any CPU
		{EC03AD5B-E1F9-4EC0-A822-19DE9B53F7B0}.Debug|Any CPU.Build.0 = Debug|Any CPU
		{EC03AD5B-E1F9-4EC0-A822-19DE9B53F7B0}.Release|Any CPU.ActiveCfg = Release|Any CPU
		{EC03AD5B-E1F9-4EC0-A822-19DE9B53F7B0}.Release|Any CPU.Build.0 = Release|Any CPU
		{C0E76FAA-50AD-407B-B1DB-3CB4E5BD14DF}.Debug|Any CPU.ActiveCfg = Debug|Any CPU
		{C0E76FAA-50AD-407B-B1DB-3CB4E5BD14DF}.Debug|Any CPU.Build.0 = Debug|Any CPU
		{C0E76FAA-50AD-407B-B1DB-3CB4E5BD14DF}.Release|Any CPU.ActiveCfg = Release|Any CPU
		{C0E76FAA-50AD-407B-B1DB-3CB4E5BD14DF}.Release|Any CPU.Build.0 = Release|Any CPU
		{0F465266-5D08-4B78-8112-34F6E8A1E459}.Debug|Any CPU.ActiveCfg = Debug|Any CPU
		{0F465266-5D08-4B78-8112-34F6E8A1E459}.Debug|Any CPU.Build.0 = Debug|Any CPU
		{0F465266-5D08-4B78-8112-34F6E8A1E459}.Release|Any CPU.ActiveCfg = Release|Any CPU
		{0F465266-5D08-4B78-8112-34F6E8A1E459}.Release|Any CPU.Build.0 = Release|Any CPU
		{612E97A6-3F5F-4E8A-B7B4-BFC4834D98AD}.Debug|Any CPU.ActiveCfg = Debug|Any CPU
		{612E97A6-3F5F-4E8A-B7B4-BFC4834D98AD}.Debug|Any CPU.Build.0 = Debug|Any CPU
		{612E97A6-3F5F-4E8A-B7B4-BFC4834D98AD}.Release|Any CPU.ActiveCfg = Release|Any CPU
		{612E97A6-3F5F-4E8A-B7B4-BFC4834D98AD}.Release|Any CPU.Build.0 = Release|Any CPU
	EndGlobalSection
	GlobalSection(SolutionProperties) = preSolution
		HideSolutionNode = FALSE
	EndGlobalSection
	GlobalSection(NestedProjects) = preSolution
		{4FB009AE-6FF5-4420-8254-4B0F86A59F30} = {44E1AC3C-126A-4FB2-997A-5F653274C46F}
		{3A516B5B-AB36-4780-9229-8AD9CB737E0A} = {44E1AC3C-126A-4FB2-997A-5F653274C46F}
		{80248A81-FE9C-479B-8B32-033744996211} = {44E1AC3C-126A-4FB2-997A-5F653274C46F}
		{37E82CFD-79FF-4D33-A1E4-64538431782D} = {44E1AC3C-126A-4FB2-997A-5F653274C46F}
		{6794FF41-D92F-458D-9160-AC58528A7615} = {44E1AC3C-126A-4FB2-997A-5F653274C46F}
		{4CD52895-D63D-49A4-A953-B82E4950918F} = {576EFE06-BB95-4B2C-BF7C-788B6B9ACFF7}
		{BCE4A1D7-E0D6-4537-8637-F29AC727FB6B} = {576EFE06-BB95-4B2C-BF7C-788B6B9ACFF7}
		{D152A4C7-FA20-4E39-B86A-7C2C5932A78E} = {576EFE06-BB95-4B2C-BF7C-788B6B9ACFF7}
		{541024FC-3916-4167-B05E-877B749C8B01} = {D152A4C7-FA20-4E39-B86A-7C2C5932A78E}
		{9ED81375-71CD-4275-903B-5A445F26FFEA} = {576EFE06-BB95-4B2C-BF7C-788B6B9ACFF7}
		{19AF774B-56A4-4EA5-8EB4-41B3D3216BA6} = {4CD52895-D63D-49A4-A953-B82E4950918F}
		{A278D9E2-01E4-4FE7-8402-936BE2E27D25} = {541024FC-3916-4167-B05E-877B749C8B01}
		{C332CDAA-CC7C-4857-9686-F294DB66130D} = {541024FC-3916-4167-B05E-877B749C8B01}
		{EC03AD5B-E1F9-4EC0-A822-19DE9B53F7B0} = {BCE4A1D7-E0D6-4537-8637-F29AC727FB6B}
		{C0E76FAA-50AD-407B-B1DB-3CB4E5BD14DF} = {BCE4A1D7-E0D6-4537-8637-F29AC727FB6B}
		{0F465266-5D08-4B78-8112-34F6E8A1E459} = {BCE4A1D7-E0D6-4537-8637-F29AC727FB6B}
		{612E97A6-3F5F-4E8A-B7B4-BFC4834D98AD} = {9ED81375-71CD-4275-903B-5A445F26FFEA}
	EndGlobalSection
	GlobalSection(ExtensibilityGlobals) = postSolution
		SolutionGuid = {8379B2BF-610E-42E7-A398-C36FF0A5874E}
	EndGlobalSection
EndGlobal
