
Microsoft Visual Studio Solution File, Format Version 12.00
# Visual Studio Version 17
VisualStudioVersion = 17.8.34309.116
MinimumVisualStudioVersion = 10.0.40219.1
Project("{9A19103F-16F7-4668-BE54-9A1E7A4F7556}") = "FirstConsoleApp", "FirstConsoleApp\FirstConsoleApp.csproj", "{1DE9D1B9-70EE-40A1-B4AB-B421A36F1563}"
EndProject
Project("{9A19103F-16F7-4668-BE54-9A1E7A4F7556}") = "Homeworks", "HomeworksIncludeFunctions\Homeworks.csproj", "{042E6936-AF54-4354-A792-4F2036EBA2E6}"
EndProject
Global
	GlobalSection(SolutionConfigurationPlatforms) = preSolution
		Debug|Any CPU = Debug|Any CPU
		Release|Any CPU = Release|Any CPU
	EndGlobalSection
	GlobalSection(ProjectConfigurationPlatforms) = postSolution
		{1DE9D1B9-70EE-40A1-B4AB-B421A36F1563}.Debug|Any CPU.ActiveCfg = Debug|Any CPU
		{1DE9D1B9-70EE-40A1-B4AB-B421A36F1563}.Debug|Any CPU.Build.0 = Debug|Any CPU
		{1DE9D1B9-70EE-40A1-B4AB-B421A36F1563}.Release|Any CPU.ActiveCfg = Release|Any CPU
		{1DE9D1B9-70EE-40A1-B4AB-B421A36F1563}.Release|Any CPU.Build.0 = Release|Any CPU
		{042E6936-AF54-4354-A792-4F2036EBA2E6}.Debug|Any CPU.ActiveCfg = Debug|Any CPU
		{042E6936-AF54-4354-A792-4F2036EBA2E6}.Debug|Any CPU.Build.0 = Debug|Any CPU
		{042E6936-AF54-4354-A792-4F2036EBA2E6}.Release|Any CPU.ActiveCfg = Release|Any CPU
		{042E6936-AF54-4354-A792-4F2036EBA2E6}.Release|Any CPU.Build.0 = Release|Any CPU
	EndGlobalSection
	GlobalSection(SolutionProperties) = preSolution
		HideSolutionNode = FALSE
	EndGlobalSection
	GlobalSection(ExtensibilityGlobals) = postSolution
		SolutionGuid = {8379B2BF-610E-42E7-A398-C36FF0A5874E}
	EndGlobalSection
EndGlobal
